
Microsoft Visual Studio Solution File, Format Version 12.00
# Visual Studio Version 17
VisualStudioVersion = 17.14.36623.8 d17.14
MinimumVisualStudioVersion = 10.0.40219.1
Project("{FAE04EC0-301F-11D3-BF4B-00C04F79EFBC}") = "MicroSaldoFinal", "MicroSaldoFinal\MicroSaldoFinal.csproj", "{670BB8F0-2A04-4995-B046-4B20F0C5DDA0}"
EndProject
Global
	GlobalSection(SolutionConfigurationPlatforms) = preSolution
		Debug|Any CPU = Debug|Any CPU
		Release|Any CPU = Release|Any CPU
	EndGlobalSection
	GlobalSection(ProjectConfigurationPlatforms) = postSolution
		{670BB8F0-2A04-4995-B046-4B20F0C5DDA0}.Debug|Any CPU.ActiveCfg = Debug|Any CPU
		{670BB8F0-2A04-4995-B046-4B20F0C5DDA0}.Debug|Any CPU.Build.0 = Debug|Any CPU
		{670BB8F0-2A04-4995-B046-4B20F0C5DDA0}.Release|Any CPU.ActiveCfg = Release|Any CPU
		{670BB8F0-2A04-4995-B046-4B20F0C5DDA0}.Release|Any CPU.Build.0 = Release|Any CPU
	EndGlobalSection
	GlobalSection(SolutionProperties) = preSolution
		HideSolutionNode = FALSE
	EndGlobalSection
	GlobalSection(ExtensibilityGlobals) = postSolution
		SolutionGuid = {C4BBD1AA-5B16-43FB-B2CE-55AF40D0F3A7}
	EndGlobalSection
EndGlobal
